
Microsoft Visual Studio Solution File, Format Version 12.00
# Visual Studio 15
VisualStudioVersion = 15.0.27703.2035
MinimumVisualStudioVersion = 10.0.40219.1
Project("{FAE04EC0-301F-11D3-BF4B-00C04F79EFBC}") = "PlaygroundProgram", "PlaygroundProgram\PlaygroundProgram.csproj", "{3B1FC761-7FCB-49C4-8D65-F8FDA1F42663}"
EndProject
Global
	GlobalSection(SolutionConfigurationPlatforms) = preSolution
		Debug|Any CPU = Debug|Any CPU
		Release|Any CPU = Release|Any CPU
	EndGlobalSection
	GlobalSection(ProjectConfigurationPlatforms) = postSolution
		{3B1FC761-7FCB-49C4-8D65-F8FDA1F42663}.Debug|Any CPU.ActiveCfg = Debug|Any CPU
		{3B1FC761-7FCB-49C4-8D65-F8FDA1F42663}.Debug|Any CPU.Build.0 = Debug|Any CPU
		{3B1FC761-7FCB-49C4-8D65-F8FDA1F42663}.Release|Any CPU.ActiveCfg = Release|Any CPU
		{3B1FC761-7FCB-49C4-8D65-F8FDA1F42663}.Release|Any CPU.Build.0 = Release|Any CPU
	EndGlobalSection
	GlobalSection(SolutionProperties) = preSolution
		HideSolutionNode = FALSE
	EndGlobalSection
	GlobalSection(ExtensibilityGlobals) = postSolution
		SolutionGuid = {FBEC64C3-A285-485E-A376-1E782B7F37C0}
	EndGlobalSection
EndGlobal
